
Microsoft Visual Studio Solution File, Format Version 12.00
# Visual Studio Version 16
VisualStudioVersion = 16.0.30804.86
MinimumVisualStudioVersion = 10.0.40219.1
Project("{FAE04EC0-301F-11D3-BF4B-00C04F79EFBC}") = "Licenta", "Licenta.csproj", "{5135BA30-B999-4C39-862E-C61FF668979D}"
EndProject
Global
	GlobalSection(SolutionConfigurationPlatforms) = preSolution
		Debug|Any CPU = Debug|Any CPU
		Release|Any CPU = Release|Any CPU
	EndGlobalSection
	GlobalSection(ProjectConfigurationPlatforms) = postSolution
		{5135BA30-B999-4C39-862E-C61FF668979D}.Debug|Any CPU.ActiveCfg = Debug|Any CPU
		{5135BA30-B999-4C39-862E-C61FF668979D}.Debug|Any CPU.Build.0 = Debug|Any CPU
		{5135BA30-B999-4C39-862E-C61FF668979D}.Release|Any CPU.ActiveCfg = Release|Any CPU
		{5135BA30-B999-4C39-862E-C61FF668979D}.Release|Any CPU.Build.0 = Release|Any CPU
	EndGlobalSection
	GlobalSection(SolutionProperties) = preSolution
		HideSolutionNode = FALSE
	EndGlobalSection
	GlobalSection(ExtensibilityGlobals) = postSolution
		SolutionGuid = {84C522FC-9C46-48B3-904D-50C37BAAC08A}
	EndGlobalSection
EndGlobal
